
Microsoft Visual Studio Solution File, Format Version 12.00
# Visual Studio Version 17
VisualStudioVersion = 17.14.36717.8 d17.14
MinimumVisualStudioVersion = 10.0.40219.1
Project("{FAE04EC0-301F-11D3-BF4B-00C04F79EFBC}") = "Upward.API", "UpWard.API\Upward.API.csproj", "{C4C8D1F4-89F1-462A-B19F-709D2F2C1068}"
EndProject
Project("{2150E333-8FDC-42A3-9474-1A3956D46DE8}") = "Public", "Public", "{8EC462FD-D22E-90A8-E5CE-7E832BA40C5D}"
	ProjectSection(SolutionItems) = preProject
		.gitignore = .gitignore
		Readme.md = Readme.md
	EndProjectSection
EndProject
Project("{FAE04EC0-301F-11D3-BF4B-00C04F79EFBC}") = "Upward.Application", "UpWard.Application\Upward.Application.csproj", "{3CE8FFCB-20FE-4018-AD27-46AE118115FD}"
EndProject
Project("{FAE04EC0-301F-11D3-BF4B-00C04F79EFBC}") = "Upward.Domain", "Upward.Domain\Upward.Domain.csproj", "{A72DF4AE-B0BA-4CD1-AFDD-284C818258A4}"
EndProject
Project("{FAE04EC0-301F-11D3-BF4B-00C04F79EFBC}") = "Upward.Shared", "Upward.Shared\Upward.Shared.csproj", "{755C1DEF-3253-48C4-BFDE-95A398E392E1}"
EndProject
Project("{FAE04EC0-301F-11D3-BF4B-00C04F79EFBC}") = "Upward.Infrastructure", "Upward.Infrastructure\Upward.Infrastructure.csproj", "{0CB72534-0E0A-4B43-B4E4-173CAB69019A}"
EndProject
Project("{FAE04EC0-301F-11D3-BF4B-00C04F79EFBC}") = "Upward.Tests", "Upward.Tests\Upward.Tests.csproj", "{04E01B61-63DE-4220-9273-E456002D1C5D}"
EndProject
Global
	GlobalSection(SolutionConfigurationPlatforms) = preSolution
		Debug|Any CPU = Debug|Any CPU
		Debug|x64 = Debug|x64
		Debug|x86 = Debug|x86
		Release|Any CPU = Release|Any CPU
		Release|x64 = Release|x64
		Release|x86 = Release|x86
	EndGlobalSection
	GlobalSection(ProjectConfigurationPlatforms) = postSolution
		{C4C8D1F4-89F1-462A-B19F-709D2F2C1068}.Debug|Any CPU.ActiveCfg = Debug|Any CPU
		{C4C8D1F4-89F1-462A-B19F-709D2F2C1068}.Debug|Any CPU.Build.0 = Debug|Any CPU
		{C4C8D1F4-89F1-462A-B19F-709D2F2C1068}.Debug|x64.ActiveCfg = Debug|Any CPU
		{C4C8D1F4-89F1-462A-B19F-709D2F2C1068}.Debug|x64.Build.0 = Debug|Any CPU
		{C4C8D1F4-89F1-462A-B19F-709D2F2C1068}.Debug|x86.ActiveCfg = Debug|Any CPU
		{C4C8D1F4-89F1-462A-B19F-709D2F2C1068}.Debug|x86.Build.0 = Debug|Any CPU
		{C4C8D1F4-89F1-462A-B19F-709D2F2C1068}.Release|Any CPU.ActiveCfg = Release|Any CPU
		{C4C8D1F4-89F1-462A-B19F-709D2F2C1068}.Release|Any CPU.Build.0 = Release|Any CPU
		{C4C8D1F4-89F1-462A-B19F-709D2F2C1068}.Release|x64.ActiveCfg = Release|Any CPU
		{C4C8D1F4-89F1-462A-B19F-709D2F2C1068}.Release|x64.Build.0 = Release|Any CPU
		{C4C8D1F4-89F1-462A-B19F-709D2F2C1068}.Release|x86.ActiveCfg = Release|Any CPU
		{C4C8D1F4-89F1-462A-B19F-709D2F2C1068}.Release|x86.Build.0 = Release|Any CPU
		{3CE8FFCB-20FE-4018-AD27-46AE118115FD}.Debug|Any CPU.ActiveCfg = Debug|Any CPU
		{3CE8FFCB-20FE-4018-AD27-46AE118115FD}.Debug|Any CPU.Build.0 = Debug|Any CPU
		{3CE8FFCB-20FE-4018-AD27-46AE118115FD}.Debug|x64.ActiveCfg = Debug|Any CPU
		{3CE8FFCB-20FE-4018-AD27-46AE118115FD}.Debug|x64.Build.0 = Debug|Any CPU
		{3CE8FFCB-20FE-4018-AD27-46AE118115FD}.Debug|x86.ActiveCfg = Debug|Any CPU
		{3CE8FFCB-20FE-4018-AD27-46AE118115FD}.Debug|x86.Build.0 = Debug|Any CPU
		{3CE8FFCB-20FE-4018-AD27-46AE118115FD}.Release|Any CPU.ActiveCfg = Release|Any CPU
		{3CE8FFCB-20FE-4018-AD27-46AE118115FD}.Release|Any CPU.Build.0 = Release|Any CPU
		{3CE8FFCB-20FE-4018-AD27-46AE118115FD}.Release|x64.ActiveCfg = Release|Any CPU
		{3CE8FFCB-20FE-4018-AD27-46AE118115FD}.Release|x64.Build.0 = Release|Any CPU
		{3CE8FFCB-20FE-4018-AD27-46AE118115FD}.Release|x86.ActiveCfg = Release|Any CPU
		{3CE8FFCB-20FE-4018-AD27-46AE118115FD}.Release|x86.Build.0 = Release|Any CPU
		{A72DF4AE-B0BA-4CD1-AFDD-284C818258A4}.Debug|Any CPU.ActiveCfg = Debug|Any CPU
		{A72DF4AE-B0BA-4CD1-AFDD-284C818258A4}.Debug|Any CPU.Build.0 = Debug|Any CPU
		{A72DF4AE-B0BA-4CD1-AFDD-284C818258A4}.Debug|x64.ActiveCfg = Debug|Any CPU
		{A72DF4AE-B0BA-4CD1-AFDD-284C818258A4}.Debug|x64.Build.0 = Debug|Any CPU
		{A72DF4AE-B0BA-4CD1-AFDD-284C818258A4}.Debug|x86.ActiveCfg = Debug|Any CPU
		{A72DF4AE-B0BA-4CD1-AFDD-284C818258A4}.Debug|x86.Build.0 = Debug|Any CPU
		{A72DF4AE-B0BA-4CD1-AFDD-284C818258A4}.Release|Any CPU.ActiveCfg = Release|Any CPU
		{A72DF4AE-B0BA-4CD1-AFDD-284C818258A4}.Release|Any CPU.Build.0 = Release|Any CPU
		{A72DF4AE-B0BA-4CD1-AFDD-284C818258A4}.Release|x64.ActiveCfg = Release|Any CPU
		{A72DF4AE-B0BA-4CD1-AFDD-284C818258A4}.Release|x64.Build.0 = Release|Any CPU
		{A72DF4AE-B0BA-4CD1-AFDD-284C818258A4}.Release|x86.ActiveCfg = Release|Any CPU
		{A72DF4AE-B0BA-4CD1-AFDD-284C818258A4}.Release|x86.Build.0 = Release|Any CPU
		{755C1DEF-3253-48C4-BFDE-95A398E392E1}.Debug|Any CPU.ActiveCfg = Debug|Any CPU
		{755C1DEF-3253-48C4-BFDE-95A398E392E1}.Debug|Any CPU.Build.0 = Debug|Any CPU
		{755C1DEF-3253-48C4-BFDE-95A398E392E1}.Release|Any CPU.ActiveCfg = Release|Any CPU
		{755C1DEF-3253-48C4-BFDE-95A398E392E1}.Release|Any CPU.Build.0 = Release|Any CPU
		{0CB72534-0E0A-4B43-B4E4-173CAB69019A}.Debug|Any CPU.ActiveCfg = Debug|Any CPU
		{0CB72534-0E0A-4B43-B4E4-173CAB69019A}.Debug|Any CPU.Build.0 = Debug|Any CPU
		{0CB72534-0E0A-4B43-B4E4-173CAB69019A}.Debug|x64.ActiveCfg = Debug|Any CPU
		{0CB72534-0E0A-4B43-B4E4-173CAB69019A}.Debug|x64.Build.0 = Debug|Any CPU
		{0CB72534-0E0A-4B43-B4E4-173CAB69019A}.Debug|x86.ActiveCfg = Debug|Any CPU
		{0CB72534-0E0A-4B43-B4E4-173CAB69019A}.Debug|x86.Build.0 = Debug|Any CPU
		{0CB72534-0E0A-4B43-B4E4-173CAB69019A}.Release|Any CPU.ActiveCfg = Release|Any CPU
		{0CB72534-0E0A-4B43-B4E4-173CAB69019A}.Release|Any CPU.Build.0 = Release|Any CPU
		{0CB72534-0E0A-4B43-B4E4-173CAB69019A}.Release|x64.ActiveCfg = Release|Any CPU
		{0CB72534-0E0A-4B43-B4E4-173CAB69019A}.Release|x64.Build.0 = Release|Any CPU
		{0CB72534-0E0A-4B43-B4E4-173CAB69019A}.Release|x86.ActiveCfg = Release|Any CPU
		{0CB72534-0E0A-4B43-B4E4-173CAB69019A}.Release|x86.Build.0 = Release|Any CPU
		{04E01B61-63DE-4220-9273-E456002D1C5D}.Debug|Any CPU.ActiveCfg = Debug|Any CPU
		{04E01B61-63DE-4220-9273-E456002D1C5D}.Debug|Any CPU.Build.0 = Debug|Any CPU
		{04E01B61-63DE-4220-9273-E456002D1C5D}.Debug|x64.ActiveCfg = Debug|Any CPU
		{04E01B61-63DE-4220-9273-E456002D1C5D}.Debug|x64.Build.0 = Debug|Any CPU
		{04E01B61-63DE-4220-9273-E456002D1C5D}.Debug|x86.ActiveCfg = Debug|Any CPU
		{04E01B61-63DE-4220-9273-E456002D1C5D}.Debug|x86.Build.0 = Debug|Any CPU
		{04E01B61-63DE-4220-9273-E456002D1C5D}.Release|Any CPU.ActiveCfg = Release|Any CPU
		{04E01B61-63DE-4220-9273-E456002D1C5D}.Release|Any CPU.Build.0 = Release|Any CPU
		{04E01B61-63DE-4220-9273-E456002D1C5D}.Release|x64.ActiveCfg = Release|Any CPU
		{04E01B61-63DE-4220-9273-E456002D1C5D}.Release|x64.Build.0 = Release|Any CPU
		{04E01B61-63DE-4220-9273-E456002D1C5D}.Release|x86.ActiveCfg = Release|Any CPU
		{04E01B61-63DE-4220-9273-E456002D1C5D}.Release|x86.Build.0 = Release|Any CPU
	EndGlobalSection
	GlobalSection(SolutionProperties) = preSolution
		HideSolutionNode = FALSE
	EndGlobalSection
	GlobalSection(ExtensibilityGlobals) = postSolution
		SolutionGuid = {42DCAAFB-BA5E-44C7-86BB-70A5DFC762ED}
	EndGlobalSection
EndGlobal
